// !$*UTF8*$!
{
	archiveVersion = 1;
	classes = {
	};
	objectVersion = 55;
	objects = {

/* Begin PBXBuildFile section */
		0760CD8E282EDAAF005AA7E6 /* PHARAOH.mp3 in Resources */ = {isa = PBXBuildFile; fileRef = 0760CD8D282EDAAF005AA7E6 /* PHARAOH.mp3 */; };
		07A9C434282E699800A0E38D /* AppDelegate.swift in Sources */ = {isa = PBXBuildFile; fileRef = 07A9C433282E699800A0E38D /* AppDelegate.swift */; };
		07A9C436282E699800A0E38D /* SceneDelegate.swift in Sources */ = {isa = PBXBuildFile; fileRef = 07A9C435282E699800A0E38D /* SceneDelegate.swift */; };
		07A9C438282E699800A0E38D /* MainViewController.swift in Sources */ = {isa = PBXBuildFile; fileRef = 07A9C437282E699800A0E38D /* MainViewController.swift */; };
		07A9C43B282E699800A0E38D /* Main.storyboard in Resources */ = {isa = PBXBuildFile; fileRef = 07A9C439282E699800A0E38D /* Main.storyboard */; };
		07A9C43D282E699800A0E38D /* Assets.xcassets in Resources */ = {isa = PBXBuildFile; fileRef = 07A9C43C282E699800A0E38D /* Assets.xcassets */; };
		07A9C440282E699800A0E38D /* LaunchScreen.storyboard in Resources */ = {isa = PBXBuildFile; fileRef = 07A9C43E282E699800A0E38D /* LaunchScreen.storyboard */; };
		07A9C44B282E699800A0E38D /* Music_PlayerTests.swift in Sources */ = {isa = PBXBuildFile; fileRef = 07A9C44A282E699800A0E38D /* Music_PlayerTests.swift */; };
		07A9C455282E699800A0E38D /* Music_PlayerUITests.swift in Sources */ = {isa = PBXBuildFile; fileRef = 07A9C454282E699800A0E38D /* Music_PlayerUITests.swift */; };
		07A9C457282E699800A0E38D /* Music_PlayerUITestsLaunchTests.swift in Sources */ = {isa = PBXBuildFile; fileRef = 07A9C456282E699800A0E38D /* Music_PlayerUITestsLaunchTests.swift */; };
		07A9C464282E6B3400A0E38D /* Music.swift in Sources */ = {isa = PBXBuildFile; fileRef = 07A9C463282E6B3400A0E38D /* Music.swift */; };
		07A9C466282E6BF200A0E38D /* MainPresenter.swift in Sources */ = {isa = PBXBuildFile; fileRef = 07A9C465282E6BF200A0E38D /* MainPresenter.swift */; };
		07A9C46C282E84C300A0E38D /* MainViewController.xib in Resources */ = {isa = PBXBuildFile; fileRef = 07A9C46B282E84C300A0E38D /* MainViewController.xib */; };
		07A9C46E282E861400A0E38D /* ModuleBuilder.swift in Sources */ = {isa = PBXBuildFile; fileRef = 07A9C46D282E861400A0E38D /* ModuleBuilder.swift */; };
/* End PBXBuildFile section */

/* Begin PBXContainerItemProxy section */
		07A9C447282E699800A0E38D /* PBXContainerItemProxy */ = {
			isa = PBXContainerItemProxy;
			containerPortal = 07A9C428282E699800A0E38D /* Project object */;
			proxyType = 1;
			remoteGlobalIDString = 07A9C42F282E699800A0E38D;
			remoteInfo = "Music Player";
		};
		07A9C451282E699800A0E38D /* PBXContainerItemProxy */ = {
			isa = PBXContainerItemProxy;
			containerPortal = 07A9C428282E699800A0E38D /* Project object */;
			proxyType = 1;
			remoteGlobalIDString = 07A9C42F282E699800A0E38D;
			remoteInfo = "Music Player";
		};
/* End PBXContainerItemProxy section */

/* Begin PBXFileReference section */
		0760CD8D282EDAAF005AA7E6 /* PHARAOH.mp3 */ = {isa = PBXFileReference; lastKnownFileType = audio.mp3; path = PHARAOH.mp3; sourceTree = "<group>"; };
		07A9C430282E699800A0E38D /* Music Player.app */ = {isa = PBXFileReference; explicitFileType = wrapper.application; includeInIndex = 0; path = "Music Player.app"; sourceTree = BUILT_PRODUCTS_DIR; };
		07A9C433282E699800A0E38D /* AppDelegate.swift */ = {isa = PBXFileReference; lastKnownFileType = sourcecode.swift; path = AppDelegate.swift; sourceTree = "<group>"; };
		07A9C435282E699800A0E38D /* SceneDelegate.swift */ = {isa = PBXFileReference; lastKnownFileType = sourcecode.swift; path = SceneDelegate.swift; sourceTree = "<group>"; };
		07A9C437282E699800A0E38D /* MainViewController.swift */ = {isa = PBXFileReference; lastKnownFileType = sourcecode.swift; path = MainViewController.swift; sourceTree = "<group>"; };
		07A9C43A282E699800A0E38D /* Base */ = {isa = PBXFileReference; lastKnownFileType = file.storyboard; name = Base; path = Base.lproj/Main.storyboard; sourceTree = "<group>"; };
		07A9C43C282E699800A0E38D /* Assets.xcassets */ = {isa = PBXFileReference; lastKnownFileType = folder.assetcatalog; path = Assets.xcassets; sourceTree = "<group>"; };
		07A9C43F282E699800A0E38D /* Base */ = {isa = PBXFileReference; lastKnownFileType = file.storyboard; name = Base; path = Base.lproj/LaunchScreen.storyboard; sourceTree = "<group>"; };
		07A9C441282E699800A0E38D /* Info.plist */ = {isa = PBXFileReference; lastKnownFileType = text.plist.xml; path = Info.plist; sourceTree = "<group>"; };
		07A9C446282E699800A0E38D /* Music PlayerTests.xctest */ = {isa = PBXFileReference; explicitFileType = wrapper.cfbundle; includeInIndex = 0; path = "Music PlayerTests.xctest"; sourceTree = BUILT_PRODUCTS_DIR; };
		07A9C44A282E699800A0E38D /* Music_PlayerTests.swift */ = {isa = PBXFileReference; lastKnownFileType = sourcecode.swift; path = Music_PlayerTests.swift; sourceTree = "<group>"; };
		07A9C450282E699800A0E38D /* Music PlayerUITests.xctest */ = {isa = PBXFileReference; explicitFileType = wrapper.cfbundle; includeInIndex = 0; path = "Music PlayerUITests.xctest"; sourceTree = BUILT_PRODUCTS_DIR; };
		07A9C454282E699800A0E38D /* Music_PlayerUITests.swift */ = {isa = PBXFileReference; lastKnownFileType = sourcecode.swift; path = Music_PlayerUITests.swift; sourceTree = "<group>"; };
		07A9C456282E699800A0E38D /* Music_PlayerUITestsLaunchTests.swift */ = {isa = PBXFileReference; lastKnownFileType = sourcecode.swift; path = Music_PlayerUITestsLaunchTests.swift; sourceTree = "<group>"; };
		07A9C463282E6B3400A0E38D /* Music.swift */ = {isa = PBXFileReference; lastKnownFileType = sourcecode.swift; path = Music.swift; sourceTree = "<group>"; };
		07A9C465282E6BF200A0E38D /* MainPresenter.swift */ = {isa = PBXFileReference; lastKnownFileType = sourcecode.swift; path = MainPresenter.swift; sourceTree = "<group>"; };
		07A9C46B282E84C300A0E38D /* MainViewController.xib */ = {isa = PBXFileReference; lastKnownFileType = file.xib; path = MainViewController.xib; sourceTree = "<group>"; };
		07A9C46D282E861400A0E38D /* ModuleBuilder.swift */ = {isa = PBXFileReference; lastKnownFileType = sourcecode.swift; path = ModuleBuilder.swift; sourceTree = "<group>"; };
/* End PBXFileReference section */

/* Begin PBXFrameworksBuildPhase section */
		07A9C42D282E699800A0E38D /* Frameworks */ = {
			isa = PBXFrameworksBuildPhase;
			buildActionMask = 2147483647;
			files = (
			);
			runOnlyForDeploymentPostprocessing = 0;
		};
		07A9C443282E699800A0E38D /* Frameworks */ = {
			isa = PBXFrameworksBuildPhase;
			buildActionMask = 2147483647;
			files = (
			);
			runOnlyForDeploymentPostprocessing = 0;
		};
		07A9C44D282E699800A0E38D /* Frameworks */ = {
			isa = PBXFrameworksBuildPhase;
			buildActionMask = 2147483647;
			files = (
			);
			runOnlyForDeploymentPostprocessing = 0;
		};
/* End PBXFrameworksBuildPhase section */

/* Begin PBXGroup section */
		07A9C427282E699800A0E38D = {
			isa = PBXGroup;
			children = (
				07A9C432282E699800A0E38D /* Music Player */,
				07A9C449282E699800A0E38D /* Music PlayerTests */,
				07A9C453282E699800A0E38D /* Music PlayerUITests */,
				07A9C431282E699800A0E38D /* Products */,
			);
			sourceTree = "<group>";
		};
		07A9C431282E699800A0E38D /* Products */ = {
			isa = PBXGroup;
			children = (
				07A9C430282E699800A0E38D /* Music Player.app */,
				07A9C446282E699800A0E38D /* Music PlayerTests.xctest */,
				07A9C450282E699800A0E38D /* Music PlayerUITests.xctest */,
			);
			name = Products;
			sourceTree = "<group>";
		};
		07A9C432282E699800A0E38D /* Music Player */ = {
			isa = PBXGroup;
			children = (
				07A9C433282E699800A0E38D /* AppDelegate.swift */,
				07A9C435282E699800A0E38D /* SceneDelegate.swift */,
				07A9C467282E841300A0E38D /* Main Module */,
				07A9C439282E699800A0E38D /* Main.storyboard */,
				07A9C43C282E699800A0E38D /* Assets.xcassets */,
				07A9C43E282E699800A0E38D /* LaunchScreen.storyboard */,
				07A9C441282E699800A0E38D /* Info.plist */,
				07A9C46D282E861400A0E38D /* ModuleBuilder.swift */,
				0760CD8D282EDAAF005AA7E6 /* PHARAOH.mp3 */,
			);
			path = "Music Player";
			sourceTree = "<group>";
		};
		07A9C449282E699800A0E38D /* Music PlayerTests */ = {
			isa = PBXGroup;
			children = (
				07A9C44A282E699800A0E38D /* Music_PlayerTests.swift */,
			);
			path = "Music PlayerTests";
			sourceTree = "<group>";
		};
		07A9C453282E699800A0E38D /* Music PlayerUITests */ = {
			isa = PBXGroup;
			children = (
				07A9C454282E699800A0E38D /* Music_PlayerUITests.swift */,
				07A9C456282E699800A0E38D /* Music_PlayerUITestsLaunchTests.swift */,
			);
			path = "Music PlayerUITests";
			sourceTree = "<group>";
		};
		07A9C467282E841300A0E38D /* Main Module */ = {
			isa = PBXGroup;
			children = (
				07A9C468282E845700A0E38D /* View */,
				07A9C469282E846000A0E38D /* Model */,
				07A9C46A282E846F00A0E38D /* Presenter */,
			);
			path = "Main Module";
			sourceTree = "<group>";
		};
		07A9C468282E845700A0E38D /* View */ = {
			isa = PBXGroup;
			children = (
				07A9C437282E699800A0E38D /* MainViewController.swift */,
				07A9C46B282E84C300A0E38D /* MainViewController.xib */,
			);
			path = View;
			sourceTree = "<group>";
		};
		07A9C469282E846000A0E38D /* Model */ = {
			isa = PBXGroup;
			children = (
				07A9C463282E6B3400A0E38D /* Music.swift */,
			);
			path = Model;
			sourceTree = "<group>";
		};
		07A9C46A282E846F00A0E38D /* Presenter */ = {
			isa = PBXGroup;
			children = (
				07A9C465282E6BF200A0E38D /* MainPresenter.swift */,
			);
			path = Presenter;
			sourceTree = "<group>";
		};
/* End PBXGroup section */

/* Begin PBXNativeTarget section */
		07A9C42F282E699800A0E38D /* Music Player */ = {
			isa = PBXNativeTarget;
			buildConfigurationList = 07A9C45A282E699800A0E38D /* Build configuration list for PBXNativeTarget "Music Player" */;
			buildPhases = (
				07A9C42C282E699800A0E38D /* Sources */,
				07A9C42D282E699800A0E38D /* Frameworks */,
				07A9C42E282E699800A0E38D /* Resources */,
			);
			buildRules = (
			);
			dependencies = (
			);
			name = "Music Player";
			productName = "Music Player";
			productReference = 07A9C430282E699800A0E38D /* Music Player.app */;
			productType = "com.apple.product-type.application";
		};
		07A9C445282E699800A0E38D /* Music PlayerTests */ = {
			isa = PBXNativeTarget;
			buildConfigurationList = 07A9C45D282E699800A0E38D /* Build configuration list for PBXNativeTarget "Music PlayerTests" */;
			buildPhases = (
				07A9C442282E699800A0E38D /* Sources */,
				07A9C443282E699800A0E38D /* Frameworks */,
				07A9C444282E699800A0E38D /* Resources */,
			);
			buildRules = (
			);
			dependencies = (
				07A9C448282E699800A0E38D /* PBXTargetDependency */,
			);
			name = "Music PlayerTests";
			productName = "Music PlayerTests";
			productReference = 07A9C446282E699800A0E38D /* Music PlayerTests.xctest */;
			productType = "com.apple.product-type.bundle.unit-test";
		};
		07A9C44F282E699800A0E38D /* Music PlayerUITests */ = {
			isa = PBXNativeTarget;
			buildConfigurationList = 07A9C460282E699800A0E38D /* Build configuration list for PBXNativeTarget "Music PlayerUITests" */;
			buildPhases = (
				07A9C44C282E699800A0E38D /* Sources */,
				07A9C44D282E699800A0E38D /* Frameworks */,
				07A9C44E282E699800A0E38D /* Resources */,
			);
			buildRules = (
			);
			dependencies = (
				07A9C452282E699800A0E38D /* PBXTargetDependency */,
			);
			name = "Music PlayerUITests";
			productName = "Music PlayerUITests";
			productReference = 07A9C450282E699800A0E38D /* Music PlayerUITests.xctest */;
			productType = "com.apple.product-type.bundle.ui-testing";
		};
/* End PBXNativeTarget section */

/* Begin PBXProject section */
		07A9C428282E699800A0E38D /* Project object */ = {
			isa = PBXProject;
			attributes = {
				BuildIndependentTargetsInParallel = 1;
				LastSwiftUpdateCheck = 1330;
				LastUpgradeCheck = 1330;
				TargetAttributes = {
					07A9C42F282E699800A0E38D = {
						CreatedOnToolsVersion = 13.3.1;
					};
					07A9C445282E699800A0E38D = {
						CreatedOnToolsVersion = 13.3.1;
						TestTargetID = 07A9C42F282E699800A0E38D;
					};
					07A9C44F282E699800A0E38D = {
						CreatedOnToolsVersion = 13.3.1;
						TestTargetID = 07A9C42F282E699800A0E38D;
					};
				};
			};
			buildConfigurationList = 07A9C42B282E699800A0E38D /* Build configuration list for PBXProject "Music Player" */;
			compatibilityVersion = "Xcode 13.0";
			developmentRegion = en;
			hasScannedForEncodings = 0;
			knownRegions = (
				en,
				Base,
			);
			mainGroup = 07A9C427282E699800A0E38D;
			productRefGroup = 07A9C431282E699800A0E38D /* Products */;
			projectDirPath = "";
			projectRoot = "";
			targets = (
				07A9C42F282E699800A0E38D /* Music Player */,
				07A9C445282E699800A0E38D /* Music PlayerTests */,
				07A9C44F282E699800A0E38D /* Music PlayerUITests */,
			);
		};
/* End PBXProject section */

/* Begin PBXResourcesBuildPhase section */
		07A9C42E282E699800A0E38D /* Resources */ = {
			isa = PBXResourcesBuildPhase;
			buildActionMask = 2147483647;
			files = (
				07A9C440282E699800A0E38D /* LaunchScreen.storyboard in Resources */,
				07A9C43D282E699800A0E38D /* Assets.xcassets in Resources */,
				07A9C43B282E699800A0E38D /* Main.storyboard in Resources */,
				07A9C46C282E84C300A0E38D /* MainViewController.xib in Resources */,
				0760CD8E282EDAAF005AA7E6 /* PHARAOH.mp3 in Resources */,
			);
			runOnlyForDeploymentPostprocessing = 0;
		};
		07A9C444282E699800A0E38D /* Resources */ = {
			isa = PBXResourcesBuildPhase;
			buildActionMask = 2147483647;
			files = (
			);
			runOnlyForDeploymentPostprocessing = 0;
		};
		07A9C44E282E699800A0E38D /* Resources */ = {
			isa = PBXResourcesBuildPhase;
			buildActionMask = 2147483647;
			files = (
			);
			runOnlyForDeploymentPostprocessing = 0;
		};
/* End PBXResourcesBuildPhase section */

/* Begin PBXSourcesBuildPhase section */
		07A9C42C282E699800A0E38D /* Sources */ = {
			isa = PBXSourcesBuildPhase;
			buildActionMask = 2147483647;
			files = (
				07A9C466282E6BF200A0E38D /* MainPresenter.swift in Sources */,
				07A9C438282E699800A0E38D /* MainViewController.swift in Sources */,
				07A9C434282E699800A0E38D /* AppDelegate.swift in Sources */,
				07A9C464282E6B3400A0E38D /* Music.swift in Sources */,
				07A9C436282E699800A0E38D /* SceneDelegate.swift in Sources */,
				07A9C46E282E861400A0E38D /* ModuleBuilder.swift in Sources */,
			);
			runOnlyForDeploymentPostprocessing = 0;
		};
		07A9C442282E699800A0E38D /* Sources */ = {
			isa = PBXSourcesBuildPhase;
			buildActionMask = 2147483647;
			files = (
				07A9C44B282E699800A0E38D /* Music_PlayerTests.swift in Sources */,
			);
			runOnlyForDeploymentPostprocessing = 0;
		};
		07A9C44C282E699800A0E38D /* Sources */ = {
			isa = PBXSourcesBuildPhase;
			buildActionMask = 2147483647;
			files = (
				07A9C455282E699800A0E38D /* Music_PlayerUITests.swift in Sources */,
				07A9C457282E699800A0E38D /* Music_PlayerUITestsLaunchTests.swift in Sources */,
			);
			runOnlyForDeploymentPostprocessing = 0;
		};
/* End PBXSourcesBuildPhase section */

/* Begin PBXTargetDependency section */
		07A9C448282E699800A0E38D /* PBXTargetDependency */ = {
			isa = PBXTargetDependency;
			target = 07A9C42F282E699800A0E38D /* Music Player */;
			targetProxy = 07A9C447282E699800A0E38D /* PBXContainerItemProxy */;
		};
		07A9C452282E699800A0E38D /* PBXTargetDependency */ = {
			isa = PBXTargetDependency;
			target = 07A9C42F282E699800A0E38D /* Music Player */;
			targetProxy = 07A9C451282E699800A0E38D /* PBXContainerItemProxy */;
		};
/* End PBXTargetDependency section */

/* Begin PBXVariantGroup section */
		07A9C439282E699800A0E38D /* Main.storyboard */ = {
			isa = PBXVariantGroup;
			children = (
				07A9C43A282E699800A0E38D /* Base */,
			);
			name = Main.storyboard;
			sourceTree = "<group>";
		};
		07A9C43E282E699800A0E38D /* LaunchScreen.storyboard */ = {
			isa = PBXVariantGroup;
			children = (
				07A9C43F282E699800A0E38D /* Base */,
			);
			name = LaunchScreen.storyboard;
			sourceTree = "<group>";
		};
/* End PBXVariantGroup section */

/* Begin XCBuildConfiguration section */
		07A9C458282E699800A0E38D /* Debug */ = {
			isa = XCBuildConfiguration;
			buildSettings = {
				ALWAYS_SEARCH_USER_PATHS = NO;
				CLANG_ANALYZER_NONNULL = YES;
				CLANG_ANALYZER_NUMBER_OBJECT_CONVERSION = YES_AGGRESSIVE;
				CLANG_CXX_LANGUAGE_STANDARD = "gnu++17";
				CLANG_ENABLE_MODULES = YES;
				CLANG_ENABLE_OBJC_ARC = YES;
				CLANG_ENABLE_OBJC_WEAK = YES;
				CLANG_WARN_BLOCK_CAPTURE_AUTORELEASING = YES;
				CLANG_WARN_BOOL_CONVERSION = YES;
				CLANG_WARN_COMMA = YES;
				CLANG_WARN_CONSTANT_CONVERSION = YES;
				CLANG_WARN_DEPRECATED_OBJC_IMPLEMENTATIONS = YES;
				CLANG_WARN_DIRECT_OBJC_ISA_USAGE = YES_ERROR;
				CLANG_WARN_DOCUMENTATION_COMMENTS = YES;
				CLANG_WARN_EMPTY_BODY = YES;
				CLANG_WARN_ENUM_CONVERSION = YES;
				CLANG_WARN_INFINITE_RECURSION = YES;
				CLANG_WARN_INT_CONVERSION = YES;
				CLANG_WARN_NON_LITERAL_NULL_CONVERSION = YES;
				CLANG_WARN_OBJC_IMPLICIT_RETAIN_SELF = YES;
				CLANG_WARN_OBJC_LITERAL_CONVERSION = YES;
				CLANG_WARN_OBJC_ROOT_CLASS = YES_ERROR;
				CLANG_WARN_QUOTED_INCLUDE_IN_FRAMEWORK_HEADER = YES;
				CLANG_WARN_RANGE_LOOP_ANALYSIS = YES;
				CLANG_WARN_STRICT_PROTOTYPES = YES;
				CLANG_WARN_SUSPICIOUS_MOVE = YES;
				CLANG_WARN_UNGUARDED_AVAILABILITY = YES_AGGRESSIVE;
				CLANG_WARN_UNREACHABLE_CODE = YES;
				CLANG_WARN__DUPLICATE_METHOD_MATCH = YES;
				COPY_PHASE_STRIP = NO;
				DEBUG_INFORMATION_FORMAT = dwarf;
				ENABLE_STRICT_OBJC_MSGSEND = YES;
				ENABLE_TESTABILITY = YES;
				GCC_C_LANGUAGE_STANDARD = gnu11;
				GCC_DYNAMIC_NO_PIC = NO;
				GCC_NO_COMMON_BLOCKS = YES;
				GCC_OPTIMIZATION_LEVEL = 0;
				GCC_PREPROCESSOR_DEFINITIONS = (
					"DEBUG=1",
					"$(inherited)",
				);
				GCC_WARN_64_TO_32_BIT_CONVERSION = YES;
				GCC_WARN_ABOUT_RETURN_TYPE = YES_ERROR;
				GCC_WARN_UNDECLARED_SELECTOR = YES;
				GCC_WARN_UNINITIALIZED_AUTOS = YES_AGGRESSIVE;
				GCC_WARN_UNUSED_FUNCTION = YES;
				GCC_WARN_UNUSED_VARIABLE = YES;
				IPHONEOS_DEPLOYMENT_TARGET = 15.4;
				MTL_ENABLE_DEBUG_INFO = INCLUDE_SOURCE;
				MTL_FAST_MATH = YES;
				ONLY_ACTIVE_ARCH = YES;
				SDKROOT = iphoneos;
				SWIFT_ACTIVE_COMPILATION_CONDITIONS = DEBUG;
				SWIFT_OPTIMIZATION_LEVEL = "-Onone";
			};
			name = Debug;
		};
		07A9C459282E699800A0E38D /* Release */ = {
			isa = XCBuildConfiguration;
			buildSettings = {
				ALWAYS_SEARCH_USER_PATHS = NO;
				CLANG_ANALYZER_NONNULL = YES;
				CLANG_ANALYZER_NUMBER_OBJECT_CONVERSION = YES_AGGRESSIVE;
				CLANG_CXX_LANGUAGE_STANDARD = "gnu++17";
				CLANG_ENABLE_MODULES = YES;
				CLANG_ENABLE_OBJC_ARC = YES;
				CLANG_ENABLE_OBJC_WEAK = YES;
				CLANG_WARN_BLOCK_CAPTURE_AUTORELEASING = YES;
				CLANG_WARN_BOOL_CONVERSION = YES;
				CLANG_WARN_COMMA = YES;
				CLANG_WARN_CONSTANT_CONVERSION = YES;
				CLANG_WARN_DEPRECATED_OBJC_IMPLEMENTATIONS = YES;
				CLANG_WARN_DIRECT_OBJC_ISA_USAGE = YES_ERROR;
				CLANG_WARN_DOCUMENTATION_COMMENTS = YES;
				CLANG_WARN_EMPTY_BODY = YES;
				CLANG_WARN_ENUM_CONVERSION = YES;
				CLANG_WARN_INFINITE_RECURSION = YES;
				CLANG_WARN_INT_CONVERSION = YES;
				CLANG_WARN_NON_LITERAL_NULL_CONVERSION = YES;
				CLANG_WARN_OBJC_IMPLICIT_RETAIN_SELF = YES;
				CLANG_WARN_OBJC_LITERAL_CONVERSION = YES;
				CLANG_WARN_OBJC_ROOT_CLASS = YES_ERROR;
				CLANG_WARN_QUOTED_INCLUDE_IN_FRAMEWORK_HEADER = YES;
				CLANG_WARN_RANGE_LOOP_ANALYSIS = YES;
				CLANG_WARN_STRICT_PROTOTYPES = YES;
				CLANG_WARN_SUSPICIOUS_MOVE = YES;
				CLANG_WARN_UNGUARDED_AVAILABILITY = YES_AGGRESSIVE;
				CLANG_WARN_UNREACHABLE_CODE = YES;
				CLANG_WARN__DUPLICATE_METHOD_MATCH = YES;
				COPY_PHASE_STRIP = NO;
				DEBUG_INFORMATION_FORMAT = "dwarf-with-dsym";
				ENABLE_NS_ASSERTIONS = NO;
				ENABLE_STRICT_OBJC_MSGSEND = YES;
				GCC_C_LANGUAGE_STANDARD = gnu11;
				GCC_NO_COMMON_BLOCKS = YES;
				GCC_WARN_64_TO_32_BIT_CONVERSION = YES;
				GCC_WARN_ABOUT_RETURN_TYPE = YES_ERROR;
				GCC_WARN_UNDECLARED_SELECTOR = YES;
				GCC_WARN_UNINITIALIZED_AUTOS = YES_AGGRESSIVE;
				GCC_WARN_UNUSED_FUNCTION = YES;
				GCC_WARN_UNUSED_VARIABLE = YES;
				IPHONEOS_DEPLOYMENT_TARGET = 15.4;
				MTL_ENABLE_DEBUG_INFO = NO;
				MTL_FAST_MATH = YES;
				SDKROOT = iphoneos;
				SWIFT_COMPILATION_MODE = wholemodule;
				SWIFT_OPTIMIZATION_LEVEL = "-O";
				VALIDATE_PRODUCT = YES;
			};
			name = Release;
		};
		07A9C45B282E699800A0E38D /* Debug */ = {
			isa = XCBuildConfiguration;
			buildSettings = {
				ASSETCATALOG_COMPILER_APPICON_NAME = AppIcon;
				ASSETCATALOG_COMPILER_GLOBAL_ACCENT_COLOR_NAME = AccentColor;
				CODE_SIGN_STYLE = Automatic;
				CURRENT_PROJECT_VERSION = 1;
				DEVELOPMENT_TEAM = 4XR35V9T7J;
				GENERATE_INFOPLIST_FILE = YES;
				INFOPLIST_FILE = "Music Player/Info.plist";
				INFOPLIST_KEY_UIApplicationSupportsIndirectInputEvents = YES;
				INFOPLIST_KEY_UILaunchStoryboardName = LaunchScreen;
				INFOPLIST_KEY_UIMainStoryboardFile = Main;
				INFOPLIST_KEY_UISupportedInterfaceOrientations_iPad = "UIInterfaceOrientationPortrait UIInterfaceOrientationPortraitUpsideDown UIInterfaceOrientationLandscapeLeft UIInterfaceOrientationLandscapeRight";
				INFOPLIST_KEY_UISupportedInterfaceOrientations_iPhone = "UIInterfaceOrientationPortrait UIInterfaceOrientationLandscapeLeft UIInterfaceOrientationLandscapeRight";
				LD_RUNPATH_SEARCH_PATHS = (
					"$(inherited)",
					"@executable_path/Frameworks",
				);
				MARKETING_VERSION = 1.0;
				PRODUCT_BUNDLE_IDENTIFIER = "egasvegas.Music-Player";
				PRODUCT_NAME = "$(TARGET_NAME)";
				SWIFT_EMIT_LOC_STRINGS = YES;
				SWIFT_VERSION = 5.0;
				TARGETED_DEVICE_FAMILY = "1,2";
			};
			name = Debug;
		};
		07A9C45C282E699800A0E38D /* Release */ = {
			isa = XCBuildConfiguration;
			buildSettings = {
				ASSETCATALOG_COMPILER_APPICON_NAME = AppIcon;
				ASSETCATALOG_COMPILER_GLOBAL_ACCENT_COLOR_NAME = AccentColor;
				CODE_SIGN_STYLE = Automatic;
				CURRENT_PROJECT_VERSION = 1;
				DEVELOPMENT_TEAM = 4XR35V9T7J;
				GENERATE_INFOPLIST_FILE = YES;
				INFOPLIST_FILE = "Music Player/Info.plist";
				INFOPLIST_KEY_UIApplicationSupportsIndirectInputEvents = YES;
				INFOPLIST_KEY_UILaunchStoryboardName = LaunchScreen;
				INFOPLIST_KEY_UIMainStoryboardFile = Main;
				INFOPLIST_KEY_UISupportedInterfaceOrientations_iPad = "UIInterfaceOrientationPortrait UIInterfaceOrientationPortraitUpsideDown UIInterfaceOrientationLandscapeLeft UIInterfaceOrientationLandscapeRight";
				INFOPLIST_KEY_UISupportedInterfaceOrientations_iPhone = "UIInterfaceOrientationPortrait UIInterfaceOrientationLandscapeLeft UIInterfaceOrientationLandscapeRight";
				LD_RUNPATH_SEARCH_PATHS = (
					"$(inherited)",
					"@executable_path/Frameworks",
				);
				MARKETING_VERSION = 1.0;
				PRODUCT_BUNDLE_IDENTIFIER = "egasvegas.Music-Player";
				PRODUCT_NAME = "$(TARGET_NAME)";
				SWIFT_EMIT_LOC_STRINGS = YES;
				SWIFT_VERSION = 5.0;
				TARGETED_DEVICE_FAMILY = "1,2";
			};
			name = Release;
		};
		07A9C45E282E699800A0E38D /* Debug */ = {
			isa = XCBuildConfiguration;
			buildSettings = {
				ALWAYS_EMBED_SWIFT_STANDARD_LIBRARIES = YES;
				BUNDLE_LOADER = "$(TEST_HOST)";
				CODE_SIGN_STYLE = Automatic;
				CURRENT_PROJECT_VERSION = 1;
				DEVELOPMENT_TEAM = 4XR35V9T7J;
				GENERATE_INFOPLIST_FILE = YES;
				IPHONEOS_DEPLOYMENT_TARGET = 15.4;
				MARKETING_VERSION = 1.0;
				PRODUCT_BUNDLE_IDENTIFIER = "egasvegas.Music-PlayerTests";
				PRODUCT_NAME = "$(TARGET_NAME)";
				SWIFT_EMIT_LOC_STRINGS = NO;
				SWIFT_VERSION = 5.0;
				TARGETED_DEVICE_FAMILY = "1,2";
				TEST_HOST = "$(BUILT_PRODUCTS_DIR)/Music Player.app/Music Player";
			};
			name = Debug;
		};
		07A9C45F282E699800A0E38D /* Release */ = {
			isa = XCBuildConfiguration;
			buildSettings = {
				ALWAYS_EMBED_SWIFT_STANDARD_LIBRARIES = YES;
				BUNDLE_LOADER = "$(TEST_HOST)";
				CODE_SIGN_STYLE = Automatic;
				CURRENT_PROJECT_VERSION = 1;
				DEVELOPMENT_TEAM = 4XR35V9T7J;
				GENERATE_INFOPLIST_FILE = YES;
				IPHONEOS_DEPLOYMENT_TARGET = 15.4;
				MARKETING_VERSION = 1.0;
				PRODUCT_BUNDLE_IDENTIFIER = "egasvegas.Music-PlayerTests";
				PRODUCT_NAME = "$(TARGET_NAME)";
				SWIFT_EMIT_LOC_STRINGS = NO;
				SWIFT_VERSION = 5.0;
				TARGETED_DEVICE_FAMILY = "1,2";
				TEST_HOST = "$(BUILT_PRODUCTS_DIR)/Music Player.app/Music Player";
			};
			name = Release;
		};
		07A9C461282E699800A0E38D /* Debug */ = {
			isa = XCBuildConfiguration;
			buildSettings = {
				ALWAYS_EMBED_SWIFT_STANDARD_LIBRARIES = YES;
				CODE_SIGN_STYLE = Automatic;
				CURRENT_PROJECT_VERSION = 1;
				DEVELOPMENT_TEAM = 4XR35V9T7J;
				GENERATE_INFOPLIST_FILE = YES;
				MARKETING_VERSION = 1.0;
				PRODUCT_BUNDLE_IDENTIFIER = "egasvegas.Music-PlayerUITests";
				PRODUCT_NAME = "$(TARGET_NAME)";
				SWIFT_EMIT_LOC_STRINGS = NO;
				SWIFT_VERSION = 5.0;
				TARGETED_DEVICE_FAMILY = "1,2";
				TEST_TARGET_NAME = "Music Player";
			};
			name = Debug;
		};
		07A9C462282E699800A0E38D /* Release */ = {
			isa = XCBuildConfiguration;
			buildSettings = {
				ALWAYS_EMBED_SWIFT_STANDARD_LIBRARIES = YES;
				CODE_SIGN_STYLE = Automatic;
				CURRENT_PROJECT_VERSION = 1;
				DEVELOPMENT_TEAM = 4XR35V9T7J;
				GENERATE_INFOPLIST_FILE = YES;
				MARKETING_VERSION = 1.0;
				PRODUCT_BUNDLE_IDENTIFIER = "egasvegas.Music-PlayerUITests";
				PRODUCT_NAME = "$(TARGET_NAME)";
				SWIFT_EMIT_LOC_STRINGS = NO;
				SWIFT_VERSION = 5.0;
				TARGETED_DEVICE_FAMILY = "1,2";
				TEST_TARGET_NAME = "Music Player";
			};
			name = Release;
		};
/* End XCBuildConfiguration section */

/* Begin XCConfigurationList section */
		07A9C42B282E699800A0E38D /* Build configuration list for PBXProject "Music Player" */ = {
			isa = XCConfigurationList;
			buildConfigurations = (
				07A9C458282E699800A0E38D /* Debug */,
				07A9C459282E699800A0E38D /* Release */,
			);
			defaultConfigurationIsVisible = 0;
			defaultConfigurationName = Release;
		};
		07A9C45A282E699800A0E38D /* Build configuration list for PBXNativeTarget "Music Player" */ = {
			isa = XCConfigurationList;
			buildConfigurations = (
				07A9C45B282E699800A0E38D /* Debug */,
				07A9C45C282E699800A0E38D /* Release */,
			);
			defaultConfigurationIsVisible = 0;
			defaultConfigurationName = Release;
		};
		07A9C45D282E699800A0E38D /* Build configuration list for PBXNativeTarget "Music PlayerTests" */ = {
			isa = XCConfigurationList;
			buildConfigurations = (
				07A9C45E282E699800A0E38D /* Debug */,
				07A9C45F282E699800A0E38D /* Release */,
			);
			defaultConfigurationIsVisible = 0;
			defaultConfigurationName = Release;
		};
		07A9C460282E699800A0E38D /* Build configuration list for PBXNativeTarget "Music PlayerUITests" */ = {
			isa = XCConfigurationList;
			buildConfigurations = (
				07A9C461282E699800A0E38D /* Debug */,
				07A9C462282E699800A0E38D /* Release */,
			);
			defaultConfigurationIsVisible = 0;
			defaultConfigurationName = Release;
		};
/* End XCConfigurationList section */
	};
	rootObject = 07A9C428282E699800A0E38D /* Project object */;
}
